{
  "originHash" : "41724a0e5aa98597a0e77bcbf9ec15b369ec03401c0a42194a755d397d9f177c",
  "pins" : [
    {
      "identity" : "devrev-sdk-ios",
      "kind" : "remoteSourceControl",
      "location" : "https://github.com/devrev/devrev-sdk-ios.git",
      "state" : {
        "revision" : "011c7bdc561330ed85d786aa90f615e908128adf",
        "version" : "2.2.7"
      }
    }
  ],
  "version" : 3
}
