{
  "originHash" : "ae2c03e7af840006e022921dfc5e164dc38725d8956b249fcc8fdfb9abf03c6e",
  "pins" : [
    {
      "identity" : "devrev-sdk-ios",
      "kind" : "remoteSourceControl",
      "location" : "git@github.com:devrev/devrev-sdk-ios.git",
      "state" : {
        "revision" : "68e7e4904de5dc5744191efea0bb2ef43a87d008",
        "version" : "2.2.5"
      }
    }
  ],
  "version" : 3
}
