{
  "originHash" : "41724a0e5aa98597a0e77bcbf9ec15b369ec03401c0a42194a755d397d9f177c",
  "pins" : [
    {
      "identity" : "devrev-sdk-ios",
      "kind" : "remoteSourceControl",
      "location" : "https://github.com/devrev/devrev-sdk-ios.git",
      "state" : {
        "revision" : "a272becbeccba748545bc78d47ac2b01372b4ae7",
        "version" : "2.2.9"
      }
    }
  ],
  "version" : 3
}
